// !$*UTF8*$!
{
	archiveVersion = 1;
	classes = {
	};
	objectVersion = 55;
	objects = {

/* Begin PBXBuildFile section */
		311129197DE5264AD12E3211 /* Pods_RxPlayground.framework in Frameworks */ = {isa = PBXBuildFile; fileRef = 3905ED3588ED773DA6977AA0 /* Pods_RxPlayground.framework */; };
		E1C0D0B22944986B00F6185B /* AppDelegate.swift in Sources */ = {isa = PBXBuildFile; fileRef = E1C0D0B12944986B00F6185B /* AppDelegate.swift */; };
		E1C0D0B42944986B00F6185B /* SceneDelegate.swift in Sources */ = {isa = PBXBuildFile; fileRef = E1C0D0B32944986B00F6185B /* SceneDelegate.swift */; };
		E1C0D0B62944986B00F6185B /* ViewController.swift in Sources */ = {isa = PBXBuildFile; fileRef = E1C0D0B52944986B00F6185B /* ViewController.swift */; };
		E1C0D0B92944986B00F6185B /* Main.storyboard in Resources */ = {isa = PBXBuildFile; fileRef = E1C0D0B72944986B00F6185B /* Main.storyboard */; };
		E1C0D0BB2944986D00F6185B /* Assets.xcassets in Resources */ = {isa = PBXBuildFile; fileRef = E1C0D0BA2944986D00F6185B /* Assets.xcassets */; };
		E1C0D0BE2944986D00F6185B /* LaunchScreen.storyboard in Resources */ = {isa = PBXBuildFile; fileRef = E1C0D0BC2944986D00F6185B /* LaunchScreen.storyboard */; };
/* End PBXBuildFile section */

/* Begin PBXFileReference section */
		3905ED3588ED773DA6977AA0 /* Pods_RxPlayground.framework */ = {isa = PBXFileReference; explicitFileType = wrapper.framework; includeInIndex = 0; path = Pods_RxPlayground.framework; sourceTree = BUILT_PRODUCTS_DIR; };
		83845103DE7763661D67D8C6 /* Pods-RxPlayground.release.xcconfig */ = {isa = PBXFileReference; includeInIndex = 1; lastKnownFileType = text.xcconfig; name = "Pods-RxPlayground.release.xcconfig"; path = "Target Support Files/Pods-RxPlayground/Pods-RxPlayground.release.xcconfig"; sourceTree = "<group>"; };
		E1C0D0AE2944986B00F6185B /* RxPlayground.app */ = {isa = PBXFileReference; explicitFileType = wrapper.application; includeInIndex = 0; path = RxPlayground.app; sourceTree = BUILT_PRODUCTS_DIR; };
		E1C0D0B12944986B00F6185B /* AppDelegate.swift */ = {isa = PBXFileReference; lastKnownFileType = sourcecode.swift; path = AppDelegate.swift; sourceTree = "<group>"; };
		E1C0D0B32944986B00F6185B /* SceneDelegate.swift */ = {isa = PBXFileReference; lastKnownFileType = sourcecode.swift; path = SceneDelegate.swift; sourceTree = "<group>"; };
		E1C0D0B52944986B00F6185B /* ViewController.swift */ = {isa = PBXFileReference; lastKnownFileType = sourcecode.swift; path = ViewController.swift; sourceTree = "<group>"; };
		E1C0D0B82944986B00F6185B /* Base */ = {isa = PBXFileReference; lastKnownFileType = file.storyboard; name = Base; path = Base.lproj/Main.storyboard; sourceTree = "<group>"; };
		E1C0D0BA2944986D00F6185B /* Assets.xcassets */ = {isa = PBXFileReference; lastKnownFileType = folder.assetcatalog; path = Assets.xcassets; sourceTree = "<group>"; };
		E1C0D0BD2944986D00F6185B /* Base */ = {isa = PBXFileReference; lastKnownFileType = file.storyboard; name = Base; path = Base.lproj/LaunchScreen.storyboard; sourceTree = "<group>"; };
		E1C0D0BF2944986D00F6185B /* Info.plist */ = {isa = PBXFileReference; lastKnownFileType = text.plist.xml; path = Info.plist; sourceTree = "<group>"; };
		E1C0D0C62944993700F6185B /* JustOfFrom.playground */ = {isa = PBXFileReference; lastKnownFileType = file.playground; path = JustOfFrom.playground; sourceTree = "<group>"; xcLanguageSpecificationIdentifier = xcode.lang.swift; };
		E1C0D0C72944A15500F6185B /* Empty.playground */ = {isa = PBXFileReference; lastKnownFileType = file.playground; path = Empty.playground; sourceTree = "<group>"; xcLanguageSpecificationIdentifier = xcode.lang.swift; };
		E1C0D0C82944AB9500F6185B /* Deferred.playground */ = {isa = PBXFileReference; lastKnownFileType = file.playground; path = Deferred.playground; sourceTree = "<group>"; xcLanguageSpecificationIdentifier = xcode.lang.swift; };
		E1C0D0C92944AE4900F6185B /* Single.playground */ = {isa = PBXFileReference; lastKnownFileType = file.playground; path = Single.playground; sourceTree = "<group>"; xcLanguageSpecificationIdentifier = xcode.lang.swift; };
		E1C0D0CA2944BAC700F6185B /* Subject.playground */ = {isa = PBXFileReference; lastKnownFileType = file.playground; path = Subject.playground; sourceTree = "<group>"; xcLanguageSpecificationIdentifier = xcode.lang.swift; };
		F6C58F36FA361A0592EA2385 /* Pods-RxPlayground.debug.xcconfig */ = {isa = PBXFileReference; includeInIndex = 1; lastKnownFileType = text.xcconfig; name = "Pods-RxPlayground.debug.xcconfig"; path = "Target Support Files/Pods-RxPlayground/Pods-RxPlayground.debug.xcconfig"; sourceTree = "<group>"; };
/* End PBXFileReference section */

/* Begin PBXFrameworksBuildPhase section */
		E1C0D0AB2944986B00F6185B /* Frameworks */ = {
			isa = PBXFrameworksBuildPhase;
			buildActionMask = 2147483647;
			files = (
				311129197DE5264AD12E3211 /* Pods_RxPlayground.framework in Frameworks */,
			);
			runOnlyForDeploymentPostprocessing = 0;
		};
/* End PBXFrameworksBuildPhase section */

/* Begin PBXGroup section */
		3BF1F60F4051FEA3974DC3C4 /* Pods */ = {
			isa = PBXGroup;
			children = (
				F6C58F36FA361A0592EA2385 /* Pods-RxPlayground.debug.xcconfig */,
				83845103DE7763661D67D8C6 /* Pods-RxPlayground.release.xcconfig */,
			);
			path = Pods;
			sourceTree = "<group>";
		};
		E1C0D0A52944986B00F6185B = {
			isa = PBXGroup;
			children = (
				E1C0D0B02944986B00F6185B /* RxPlayground */,
				E1C0D0AF2944986B00F6185B /* Products */,
				3BF1F60F4051FEA3974DC3C4 /* Pods */,
				E3A61DBBAA2F538CF59A8B8D /* Frameworks */,
			);
			sourceTree = "<group>";
		};
		E1C0D0AF2944986B00F6185B /* Products */ = {
			isa = PBXGroup;
			children = (
				E1C0D0AE2944986B00F6185B /* RxPlayground.app */,
			);
			name = Products;
			sourceTree = "<group>";
		};
		E1C0D0B02944986B00F6185B /* RxPlayground */ = {
			isa = PBXGroup;
			children = (
				E1C0D0C52944992100F6185B /* Playground */,
				E1C0D0B12944986B00F6185B /* AppDelegate.swift */,
				E1C0D0B32944986B00F6185B /* SceneDelegate.swift */,
				E1C0D0B52944986B00F6185B /* ViewController.swift */,
				E1C0D0B72944986B00F6185B /* Main.storyboard */,
				E1C0D0BA2944986D00F6185B /* Assets.xcassets */,
				E1C0D0BC2944986D00F6185B /* LaunchScreen.storyboard */,
				E1C0D0BF2944986D00F6185B /* Info.plist */,
			);
			path = RxPlayground;
			sourceTree = "<group>";
		};
		E1C0D0C52944992100F6185B /* Playground */ = {
			isa = PBXGroup;
			children = (
				E1C0D0C62944993700F6185B /* JustOfFrom.playground */,
				E1C0D0C72944A15500F6185B /* Empty.playground */,
				E1C0D0C82944AB9500F6185B /* Deferred.playground */,
				E1C0D0C92944AE4900F6185B /* Single.playground */,
				E1C0D0CA2944BAC700F6185B /* Subject.playground */,
			);
			path = Playground;
			sourceTree = "<group>";
		};
		E3A61DBBAA2F538CF59A8B8D /* Frameworks */ = {
			isa = PBXGroup;
			children = (
				3905ED3588ED773DA6977AA0 /* Pods_RxPlayground.framework */,
			);
			name = Frameworks;
			sourceTree = "<group>";
		};
/* End PBXGroup section */

/* Begin PBXNativeTarget section */
		E1C0D0AD2944986B00F6185B /* RxPlayground */ = {
			isa = PBXNativeTarget;
			buildConfigurationList = E1C0D0C22944986D00F6185B /* Build configuration list for PBXNativeTarget "RxPlayground" */;
			buildPhases = (
				30A567F32E267AA16DECE641 /* [CP] Check Pods Manifest.lock */,
				E1C0D0AA2944986B00F6185B /* Sources */,
				E1C0D0AB2944986B00F6185B /* Frameworks */,
				E1C0D0AC2944986B00F6185B /* Resources */,
				538B7EBFDF20D5224BFDF799 /* [CP] Embed Pods Frameworks */,
			);
			buildRules = (
			);
			dependencies = (
			);
			name = RxPlayground;
			productName = RxPlayground;
			productReference = E1C0D0AE2944986B00F6185B /* RxPlayground.app */;
			productType = "com.apple.product-type.application";
		};
/* End PBXNativeTarget section */

/* Begin PBXProject section */
		E1C0D0A62944986B00F6185B /* Project object */ = {
			isa = PBXProject;
			attributes = {
				BuildIndependentTargetsInParallel = 1;
				LastSwiftUpdateCheck = 1340;
				LastUpgradeCheck = 1340;
				TargetAttributes = {
					E1C0D0AD2944986B00F6185B = {
						CreatedOnToolsVersion = 13.4.1;
					};
				};
			};
			buildConfigurationList = E1C0D0A92944986B00F6185B /* Build configuration list for PBXProject "RxPlayground" */;
			compatibilityVersion = "Xcode 13.0";
			developmentRegion = en;
			hasScannedForEncodings = 0;
			knownRegions = (
				en,
				Base,
			);
			mainGroup = E1C0D0A52944986B00F6185B;
			productRefGroup = E1C0D0AF2944986B00F6185B /* Products */;
			projectDirPath = "";
			projectRoot = "";
			targets = (
				E1C0D0AD2944986B00F6185B /* RxPlayground */,
			);
		};
/* End PBXProject section */

/* Begin PBXResourcesBuildPhase section */
		E1C0D0AC2944986B00F6185B /* Resources */ = {
			isa = PBXResourcesBuildPhase;
			buildActionMask = 2147483647;
			files = (
				E1C0D0BE2944986D00F6185B /* LaunchScreen.storyboard in Resources */,
				E1C0D0BB2944986D00F6185B /* Assets.xcassets in Resources */,
				E1C0D0B92944986B00F6185B /* Main.storyboard in Resources */,
			);
			runOnlyForDeploymentPostprocessing = 0;
		};
/* End PBXResourcesBuildPhase section */

/* Begin PBXShellScriptBuildPhase section */
		30A567F32E267AA16DECE641 /* [CP] Check Pods Manifest.lock */ = {
			isa = PBXShellScriptBuildPhase;
			buildActionMask = 2147483647;
			files = (
			);
			inputFileListPaths = (
			);
			inputPaths = (
				"${PODS_PODFILE_DIR_PATH}/Podfile.lock",
				"${PODS_ROOT}/Manifest.lock",
			);
			name = "[CP] Check Pods Manifest.lock";
			outputFileListPaths = (
			);
			outputPaths = (
				"$(DERIVED_FILE_DIR)/Pods-RxPlayground-checkManifestLockResult.txt",
			);
			runOnlyForDeploymentPostprocessing = 0;
			shellPath = /bin/sh;
			shellScript = "diff \"${PODS_PODFILE_DIR_PATH}/Podfile.lock\" \"${PODS_ROOT}/Manifest.lock\" > /dev/null\nif [ $? != 0 ] ; then\n    # print error to STDERR\n    echo \"error: The sandbox is not in sync with the Podfile.lock. Run 'pod install' or update your CocoaPods installation.\" >&2\n    exit 1\nfi\n# This output is used by Xcode 'outputs' to avoid re-running this script phase.\necho \"SUCCESS\" > \"${SCRIPT_OUTPUT_FILE_0}\"\n";
			showEnvVarsInLog = 0;
		};
		538B7EBFDF20D5224BFDF799 /* [CP] Embed Pods Frameworks */ = {
			isa = PBXShellScriptBuildPhase;
			buildActionMask = 2147483647;
			files = (
			);
			inputFileListPaths = (
				"${PODS_ROOT}/Target Support Files/Pods-RxPlayground/Pods-RxPlayground-frameworks-${CONFIGURATION}-input-files.xcfilelist",
			);
			name = "[CP] Embed Pods Frameworks";
			outputFileListPaths = (
				"${PODS_ROOT}/Target Support Files/Pods-RxPlayground/Pods-RxPlayground-frameworks-${CONFIGURATION}-output-files.xcfilelist",
			);
			runOnlyForDeploymentPostprocessing = 0;
			shellPath = /bin/sh;
			shellScript = "\"${PODS_ROOT}/Target Support Files/Pods-RxPlayground/Pods-RxPlayground-frameworks.sh\"\n";
			showEnvVarsInLog = 0;
		};
/* End PBXShellScriptBuildPhase section */

/* Begin PBXSourcesBuildPhase section */
		E1C0D0AA2944986B00F6185B /* Sources */ = {
			isa = PBXSourcesBuildPhase;
			buildActionMask = 2147483647;
			files = (
				E1C0D0B62944986B00F6185B /* ViewController.swift in Sources */,
				E1C0D0B22944986B00F6185B /* AppDelegate.swift in Sources */,
				E1C0D0B42944986B00F6185B /* SceneDelegate.swift in Sources */,
			);
			runOnlyForDeploymentPostprocessing = 0;
		};
/* End PBXSourcesBuildPhase section */

/* Begin PBXVariantGroup section */
		E1C0D0B72944986B00F6185B /* Main.storyboard */ = {
			isa = PBXVariantGroup;
			children = (
				E1C0D0B82944986B00F6185B /* Base */,
			);
			name = Main.storyboard;
			sourceTree = "<group>";
		};
		E1C0D0BC2944986D00F6185B /* LaunchScreen.storyboard */ = {
			isa = PBXVariantGroup;
			children = (
				E1C0D0BD2944986D00F6185B /* Base */,
			);
			name = LaunchScreen.storyboard;
			sourceTree = "<group>";
		};
/* End PBXVariantGroup section */

/* Begin XCBuildConfiguration section */
		E1C0D0C02944986D00F6185B /* Debug */ = {
			isa = XCBuildConfiguration;
			buildSettings = {
				ALWAYS_SEARCH_USER_PATHS = NO;
				CLANG_ANALYZER_NONNULL = YES;
				CLANG_ANALYZER_NUMBER_OBJECT_CONVERSION = YES_AGGRESSIVE;
				CLANG_CXX_LANGUAGE_STANDARD = "gnu++17";
				CLANG_ENABLE_MODULES = YES;
				CLANG_ENABLE_OBJC_ARC = YES;
				CLANG_ENABLE_OBJC_WEAK = YES;
				CLANG_WARN_BLOCK_CAPTURE_AUTORELEASING = YES;
				CLANG_WARN_BOOL_CONVERSION = YES;
				CLANG_WARN_COMMA = YES;
				CLANG_WARN_CONSTANT_CONVERSION = YES;
				CLANG_WARN_DEPRECATED_OBJC_IMPLEMENTATIONS = YES;
				CLANG_WARN_DIRECT_OBJC_ISA_USAGE = YES_ERROR;
				CLANG_WARN_DOCUMENTATION_COMMENTS = YES;
				CLANG_WARN_EMPTY_BODY = YES;
				CLANG_WARN_ENUM_CONVERSION = YES;
				CLANG_WARN_INFINITE_RECURSION = YES;
				CLANG_WARN_INT_CONVERSION = YES;
				CLANG_WARN_NON_LITERAL_NULL_CONVERSION = YES;
				CLANG_WARN_OBJC_IMPLICIT_RETAIN_SELF = YES;
				CLANG_WARN_OBJC_LITERAL_CONVERSION = YES;
				CLANG_WARN_OBJC_ROOT_CLASS = YES_ERROR;
				CLANG_WARN_QUOTED_INCLUDE_IN_FRAMEWORK_HEADER = YES;
				CLANG_WARN_RANGE_LOOP_ANALYSIS = YES;
				CLANG_WARN_STRICT_PROTOTYPES = YES;
				CLANG_WARN_SUSPICIOUS_MOVE = YES;
				CLANG_WARN_UNGUARDED_AVAILABILITY = YES_AGGRESSIVE;
				CLANG_WARN_UNREACHABLE_CODE = YES;
				CLANG_WARN__DUPLICATE_METHOD_MATCH = YES;
				COPY_PHASE_STRIP = NO;
				DEBUG_INFORMATION_FORMAT = dwarf;
				ENABLE_STRICT_OBJC_MSGSEND = YES;
				ENABLE_TESTABILITY = YES;
				GCC_C_LANGUAGE_STANDARD = gnu11;
				GCC_DYNAMIC_NO_PIC = NO;
				GCC_NO_COMMON_BLOCKS = YES;
				GCC_OPTIMIZATION_LEVEL = 0;
				GCC_PREPROCESSOR_DEFINITIONS = (
					"DEBUG=1",
					"$(inherited)",
				);
				GCC_WARN_64_TO_32_BIT_CONVERSION = YES;
				GCC_WARN_ABOUT_RETURN_TYPE = YES_ERROR;
				GCC_WARN_UNDECLARED_SELECTOR = YES;
				GCC_WARN_UNINITIALIZED_AUTOS = YES_AGGRESSIVE;
				GCC_WARN_UNUSED_FUNCTION = YES;
				GCC_WARN_UNUSED_VARIABLE = YES;
				IPHONEOS_DEPLOYMENT_TARGET = 15.5;
				MTL_ENABLE_DEBUG_INFO = INCLUDE_SOURCE;
				MTL_FAST_MATH = YES;
				ONLY_ACTIVE_ARCH = YES;
				SDKROOT = iphoneos;
				SWIFT_ACTIVE_COMPILATION_CONDITIONS = DEBUG;
				SWIFT_OPTIMIZATION_LEVEL = "-Onone";
			};
			name = Debug;
		};
		E1C0D0C12944986D00F6185B /* Release */ = {
			isa = XCBuildConfiguration;
			buildSettings = {
				ALWAYS_SEARCH_USER_PATHS = NO;
				CLANG_ANALYZER_NONNULL = YES;
				CLANG_ANALYZER_NUMBER_OBJECT_CONVERSION = YES_AGGRESSIVE;
				CLANG_CXX_LANGUAGE_STANDARD = "gnu++17";
				CLANG_ENABLE_MODULES = YES;
				CLANG_ENABLE_OBJC_ARC = YES;
				CLANG_ENABLE_OBJC_WEAK = YES;
				CLANG_WARN_BLOCK_CAPTURE_AUTORELEASING = YES;
				CLANG_WARN_BOOL_CONVERSION = YES;
				CLANG_WARN_COMMA = YES;
				CLANG_WARN_CONSTANT_CONVERSION = YES;
				CLANG_WARN_DEPRECATED_OBJC_IMPLEMENTATIONS = YES;
				CLANG_WARN_DIRECT_OBJC_ISA_USAGE = YES_ERROR;
				CLANG_WARN_DOCUMENTATION_COMMENTS = YES;
				CLANG_WARN_EMPTY_BODY = YES;
				CLANG_WARN_ENUM_CONVERSION = YES;
				CLANG_WARN_INFINITE_RECURSION = YES;
				CLANG_WARN_INT_CONVERSION = YES;
				CLANG_WARN_NON_LITERAL_NULL_CONVERSION = YES;
				CLANG_WARN_OBJC_IMPLICIT_RETAIN_SELF = YES;
				CLANG_WARN_OBJC_LITERAL_CONVERSION = YES;
				CLANG_WARN_OBJC_ROOT_CLASS = YES_ERROR;
				CLANG_WARN_QUOTED_INCLUDE_IN_FRAMEWORK_HEADER = YES;
				CLANG_WARN_RANGE_LOOP_ANALYSIS = YES;
				CLANG_WARN_STRICT_PROTOTYPES = YES;
				CLANG_WARN_SUSPICIOUS_MOVE = YES;
				CLANG_WARN_UNGUARDED_AVAILABILITY = YES_AGGRESSIVE;
				CLANG_WARN_UNREACHABLE_CODE = YES;
				CLANG_WARN__DUPLICATE_METHOD_MATCH = YES;
				COPY_PHASE_STRIP = NO;
				DEBUG_INFORMATION_FORMAT = "dwarf-with-dsym";
				ENABLE_NS_ASSERTIONS = NO;
				ENABLE_STRICT_OBJC_MSGSEND = YES;
				GCC_C_LANGUAGE_STANDARD = gnu11;
				GCC_NO_COMMON_BLOCKS = YES;
				GCC_WARN_64_TO_32_BIT_CONVERSION = YES;
				GCC_WARN_ABOUT_RETURN_TYPE = YES_ERROR;
				GCC_WARN_UNDECLARED_SELECTOR = YES;
				GCC_WARN_UNINITIALIZED_AUTOS = YES_AGGRESSIVE;
				GCC_WARN_UNUSED_FUNCTION = YES;
				GCC_WARN_UNUSED_VARIABLE = YES;
				IPHONEOS_DEPLOYMENT_TARGET = 15.5;
				MTL_ENABLE_DEBUG_INFO = NO;
				MTL_FAST_MATH = YES;
				SDKROOT = iphoneos;
				SWIFT_COMPILATION_MODE = wholemodule;
				SWIFT_OPTIMIZATION_LEVEL = "-O";
				VALIDATE_PRODUCT = YES;
			};
			name = Release;
		};
		E1C0D0C32944986D00F6185B /* Debug */ = {
			isa = XCBuildConfiguration;
			baseConfigurationReference = F6C58F36FA361A0592EA2385 /* Pods-RxPlayground.debug.xcconfig */;
			buildSettings = {
				ASSETCATALOG_COMPILER_APPICON_NAME = AppIcon;
				ASSETCATALOG_COMPILER_GLOBAL_ACCENT_COLOR_NAME = AccentColor;
				CODE_SIGN_STYLE = Automatic;
				CURRENT_PROJECT_VERSION = 1;
				DEVELOPMENT_TEAM = 5M84Y2A6Z5;
				GENERATE_INFOPLIST_FILE = YES;
				INFOPLIST_FILE = RxPlayground/Info.plist;
				INFOPLIST_KEY_UIApplicationSupportsIndirectInputEvents = YES;
				INFOPLIST_KEY_UILaunchStoryboardName = LaunchScreen;
				INFOPLIST_KEY_UIMainStoryboardFile = Main;
				INFOPLIST_KEY_UISupportedInterfaceOrientations_iPad = "UIInterfaceOrientationPortrait UIInterfaceOrientationPortraitUpsideDown UIInterfaceOrientationLandscapeLeft UIInterfaceOrientationLandscapeRight";
				INFOPLIST_KEY_UISupportedInterfaceOrientations_iPhone = "UIInterfaceOrientationPortrait UIInterfaceOrientationLandscapeLeft UIInterfaceOrientationLandscapeRight";
				LD_RUNPATH_SEARCH_PATHS = (
					"$(inherited)",
					"@executable_path/Frameworks",
				);
				MARKETING_VERSION = 1.0;
				PRODUCT_BUNDLE_IDENTIFIER = com.eflash.test.address.RxPlayground;
				PRODUCT_NAME = "$(TARGET_NAME)";
				SWIFT_EMIT_LOC_STRINGS = YES;
				SWIFT_VERSION = 5.0;
				TARGETED_DEVICE_FAMILY = "1,2";
			};
			name = Debug;
		};
		E1C0D0C42944986D00F6185B /* Release */ = {
			isa = XCBuildConfiguration;
			baseConfigurationReference = 83845103DE7763661D67D8C6 /* Pods-RxPlayground.release.xcconfig */;
			buildSettings = {
				ASSETCATALOG_COMPILER_APPICON_NAME = AppIcon;
				ASSETCATALOG_COMPILER_GLOBAL_ACCENT_COLOR_NAME = AccentColor;
				CODE_SIGN_STYLE = Automatic;
				CURRENT_PROJECT_VERSION = 1;
				DEVELOPMENT_TEAM = 5M84Y2A6Z5;
				GENERATE_INFOPLIST_FILE = YES;
				INFOPLIST_FILE = RxPlayground/Info.plist;
				INFOPLIST_KEY_UIApplicationSupportsIndirectInputEvents = YES;
				INFOPLIST_KEY_UILaunchStoryboardName = LaunchScreen;
				INFOPLIST_KEY_UIMainStoryboardFile = Main;
				INFOPLIST_KEY_UISupportedInterfaceOrientations_iPad = "UIInterfaceOrientationPortrait UIInterfaceOrientationPortraitUpsideDown UIInterfaceOrientationLandscapeLeft UIInterfaceOrientationLandscapeRight";
				INFOPLIST_KEY_UISupportedInterfaceOrientations_iPhone = "UIInterfaceOrientationPortrait UIInterfaceOrientationLandscapeLeft UIInterfaceOrientationLandscapeRight";
				LD_RUNPATH_SEARCH_PATHS = (
					"$(inherited)",
					"@executable_path/Frameworks",
				);
				MARKETING_VERSION = 1.0;
				PRODUCT_BUNDLE_IDENTIFIER = com.eflash.test.address.RxPlayground;
				PRODUCT_NAME = "$(TARGET_NAME)";
				SWIFT_EMIT_LOC_STRINGS = YES;
				SWIFT_VERSION = 5.0;
				TARGETED_DEVICE_FAMILY = "1,2";
			};
			name = Release;
		};
/* End XCBuildConfiguration section */

/* Begin XCConfigurationList section */
		E1C0D0A92944986B00F6185B /* Build configuration list for PBXProject "RxPlayground" */ = {
			isa = XCConfigurationList;
			buildConfigurations = (
				E1C0D0C02944986D00F6185B /* Debug */,
				E1C0D0C12944986D00F6185B /* Release */,
			);
			defaultConfigurationIsVisible = 0;
			defaultConfigurationName = Release;
		};
		E1C0D0C22944986D00F6185B /* Build configuration list for PBXNativeTarget "RxPlayground" */ = {
			isa = XCConfigurationList;
			buildConfigurations = (
				E1C0D0C32944986D00F6185B /* Debug */,
				E1C0D0C42944986D00F6185B /* Release */,
			);
			defaultConfigurationIsVisible = 0;
			defaultConfigurationName = Release;
		};
/* End XCConfigurationList section */
	};
	rootObject = E1C0D0A62944986B00F6185B /* Project object */;
}
